<?xml version="1.0" encoding="utf-8"?>
<Project ToolsVersion="4.0" xmlns="http://schemas.microsoft.com/developer/msbuild/2003">
  <ItemGroup>
    <Filter Include="Source Files">
      <UniqueIdentifier>{4FC737F1-C7A5-4376-A066-2A32D752A2FF}</UniqueIdentifier>
      <Extensions>cpp;c;cc;cxx;def;odl;idl;hpj;bat;asm;asmx</Extensions>
    </Filter>
    <Filter Include="Header Files">
      <UniqueIdentifier>{93995380-89BD-4b04-88EB-625FBE52EBFB}</UniqueIdentifier>
      <Extensions>h;hh;hpp;hxx;hm;inl;inc;ipp;xsd</Extensions>
    </Filter>
    <Filter Include="Resource Files">
      <UniqueIdentifier>{67DA6AB6-F800-4c08-8B7A-83BB121AAD01}</UniqueIdentifier>
      <Extensions>rc;ico;cur;bmp;dlg;rc2;rct;bin;rgs;gif;jpg;jpeg;jpe;resx;tiff;tif;png;wav;mfcribbon-ms</Extensions>
    </Filter>
  </ItemGroup>
  <ItemGroup>
    <None Include="scripts\tool.py" />
  </ItemGroup>
  <ItemGroup>
    <ClCompile Include="src\win32\win_main.cpp">
      <Filter>Source Files</Filter>
    </ClCompile>
    <ClCompile Include="src\win32\win_helpers.h">
      <Filter>Source Files</Filter>
    </ClCompile>
    <ClCompile Include="src\libs\number_types.h">
      <Filter>Source Files</Filter>
    </ClCompile>
    <ClCompile Include="src\sys\engine.cpp">
      <Filter>Source Files</Filter>
    </ClCompile>
    <ClCompile Include="src\win32\win_helpers.cpp">
      <Filter>Source Files</Filter>
    </ClCompile>
    <ClCompile Include="src\win32\win_console.cpp">
      <Filter>Source Files</Filter>
    </ClCompile>
    <ClCompile Include="src\win32\win_time.h">
      <Filter>Source Files</Filter>
    </ClCompile>
    <ClCompile Include="src\libs\str.cpp">
      <Filter>Source Files</Filter>
    </ClCompile>
    <ClCompile Include="src\libs\math\vector.h">
      <Filter>Source Files</Filter>
    </ClCompile>
    <ClCompile Include="src\libs\math\vector.cpp">
      <Filter>Source Files</Filter>
    </ClCompile>
    <ClCompile Include="src\libs\math\structures.cpp">
      <Filter>Source Files</Filter>
    </ClCompile>
    <ClCompile Include="src\libs\structures\dict.cpp">
      <Filter>Source Files</Filter>
    </ClCompile>
    <ClCompile Include="src\libs\os\path.cpp">
      <Filter>Source Files</Filter>
    </ClCompile>
    <ClCompile Include="src\sys\commands.cpp">
      <Filter>Source Files</Filter>
    </ClCompile>
    <ClCompile Include="src\sys\debug.cpp">
      <Filter>Source Files</Filter>
    </ClCompile>
    <ClCompile Include="src\sys\utils.h">
      <Filter>Source Files</Filter>
    </ClCompile>
    <ClCompile Include="src\libs\structures\hash_table.cpp">
      <Filter>Source Files</Filter>
    </ClCompile>
    <ClCompile Include="src\win32\test.cpp">
      <Filter>Source Files</Filter>
    </ClCompile>
    <ClCompile Include="src\render\font.cpp">
      <Filter>Source Files</Filter>
    </ClCompile>
    <ClCompile Include="src\libs\os\file.cpp">
      <Filter>Source Files</Filter>
    </ClCompile>
    <ClCompile Include="src\render\render_system.cpp">
      <Filter>Source Files</Filter>
    </ClCompile>
    <ClCompile Include="src\render\render_api.cpp">
      <Filter>Source Files</Filter>
    </ClCompile>
    <ClCompile Include="src\libs\color.cpp">
      <Filter>Source Files</Filter>
    </ClCompile>
    <ClCompile Include="src\render\shader_manager.cpp">
      <Filter>Source Files</Filter>
    </ClCompile>
    <ClCompile Include="src\render\render_helpers.cpp">
      <Filter>Source Files</Filter>
    </ClCompile>
    <ClCompile Include="src\render\render_passes.cpp">
      <Filter>Source Files</Filter>
    </ClCompile>
    <ClCompile Include="src\render\render_world.cpp">
      <Filter>Source Files</Filter>
    </ClCompile>
    <ClCompile Include="src\game\world.cpp">
      <Filter>Source Files</Filter>
    </ClCompile>
    <ClCompile Include="src\libs\geometry.cpp">
      <Filter>Source Files</Filter>
    </ClCompile>
    <ClCompile Include="src\collision\collision.cpp">
      <Filter>Source Files</Filter>
    </ClCompile>
    <ClCompile Include="src\libs\image\png.cpp">
      <Filter>Source Files</Filter>
    </ClCompile>
    <ClCompile Include="src\libs\image\spng.cpp">
      <Filter>Source Files</Filter>
    </ClCompile>
    <ClCompile Include="src\sys\file_tracking.cpp">
      <Filter>Source Files</Filter>
    </ClCompile>
    <ClCompile Include="src\gui\gui.cpp">
      <Filter>Source Files</Filter>
    </ClCompile>
    <ClCompile Include="src\gui\editor.cpp">
      <Filter>Source Files</Filter>
    </ClCompile>
    <ClCompile Include="src\gui\test_gui.cpp">
      <Filter>Source Files</Filter>
    </ClCompile>
    <ClCompile Include="src\libs\os\input.cpp">
      <Filter>Source Files</Filter>
    </ClCompile>
    <ClCompile Include="src\libs\os\event.cpp">
      <Filter>Source Files</Filter>
    </ClCompile>
    <ClCompile Include="src\libs\key_binding.cpp">
      <Filter>Source Files</Filter>
    </ClCompile>
    <ClCompile Include="src\sys\level.cpp">
      <Filter>Source Files</Filter>
    </ClCompile>
    <ClCompile Include="src\libs\mesh_loader.cpp">
      <Filter>Source Files</Filter>
    </ClCompile>
    <ClCompile Include="src\sys\vars.cpp">
      <Filter>Source Files</Filter>
    </ClCompile>
  </ItemGroup>
  <ItemGroup>
    <ClInclude Include="src\sys\engine.h">
      <Filter>Header Files</Filter>
    </ClInclude>
    <ClInclude Include="src\libs\structures\array.h">
      <Filter>Header Files</Filter>
    </ClInclude>
    <ClInclude Include="src\win32\win_console.h">
      <Filter>Header Files</Filter>
    </ClInclude>
    <ClInclude Include="src\libs\structures\stack.h">
      <Filter>Header Files</Filter>
    </ClInclude>
    <ClInclude Include="src\libs\structures\queue.h">
      <Filter>Header Files</Filter>
    </ClInclude>
    <ClInclude Include="src\libs\structures\linked_list.h">
      <Filter>Header Files</Filter>
    </ClInclude>
    <ClInclude Include="src\libs\structures\dict.h">
      <Filter>Header Files</Filter>
    </ClInclude>
    <ClInclude Include="src\libs\structures\hash_table.h">
      <Filter>Header Files</Filter>
    </ClInclude>
    <ClInclude Include="src\libs\str.h">
      <Filter>Header Files</Filter>
    </ClInclude>
    <ClInclude Include="src\libs\math\matrix.h">
      <Filter>Header Files</Filter>
    </ClInclude>
    <ClInclude Include="src\libs\math\functions.h">
      <Filter>Header Files</Filter>
    </ClInclude>
    <ClInclude Include="src\libs\math\structures.h">
      <Filter>Header Files</Filter>
    </ClInclude>
    <ClInclude Include="src\libs\math\constants.h">
      <Filter>Header Files</Filter>
    </ClInclude>
    <ClInclude Include="src\libs\math\3dmath.h">
      <Filter>Header Files</Filter>
    </ClInclude>
    <ClInclude Include="src\libs\os\path.h">
      <Filter>Header Files</Filter>
    </ClInclude>
    <ClInclude Include="src\sys\commands.h">
      <Filter>Header Files</Filter>
    </ClInclude>
    <ClInclude Include="src\sys\sys.h">
      <Filter>Header Files</Filter>
    </ClInclude>
    <ClInclude Include="src\win32\test.h">
      <Filter>Header Files</Filter>
    </ClInclude>
    <ClInclude Include="src\render\font.h">
      <Filter>Header Files</Filter>
    </ClInclude>
    <ClInclude Include="src\libs\os\file.h">
      <Filter>Header Files</Filter>
    </ClInclude>
    <ClInclude Include="src\render\render_system.h">
      <Filter>Header Files</Filter>
    </ClInclude>
    <ClInclude Include="src\render\render_api.h">
      <Filter>Header Files</Filter>
    </ClInclude>
    <ClInclude Include="src\libs\color.h">
      <Filter>Header Files</Filter>
    </ClInclude>
    <ClInclude Include="src\render\vertices.h">
      <Filter>Header Files</Filter>
    </ClInclude>
    <ClInclude Include="src\render\shader_manager.h">
      <Filter>Header Files</Filter>
    </ClInclude>
    <ClInclude Include="src\render\hlsl.h">
      <Filter>Header Files</Filter>
    </ClInclude>
    <ClInclude Include="src\render\render_helpers.h">
      <Filter>Header Files</Filter>
    </ClInclude>
    <ClInclude Include="src\render\render_passes.h">
      <Filter>Header Files</Filter>
    </ClInclude>
    <ClInclude Include="src\render\render_world.h">
      <Filter>Header Files</Filter>
    </ClInclude>
    <ClInclude Include="src\game\world.h">
      <Filter>Header Files</Filter>
    </ClInclude>
    <ClInclude Include="src\libs\geometry.h">
      <Filter>Header Files</Filter>
    </ClInclude>
    <ClInclude Include="src\render\mesh.h">
      <Filter>Header Files</Filter>
    </ClInclude>
    <ClInclude Include="src\collision\collision.h">
      <Filter>Header Files</Filter>
    </ClInclude>
    <ClInclude Include="src\libs\image\png.h">
      <Filter>Header Files</Filter>
    </ClInclude>
    <ClInclude Include="src\libs\image\spng.h">
      <Filter>Header Files</Filter>
    </ClInclude>
    <ClInclude Include="src\sys\file_tracking.h">
      <Filter>Header Files</Filter>
    </ClInclude>
    <ClInclude Include="src\gui\editor.h">
      <Filter>Header Files</Filter>
    </ClInclude>
    <ClInclude Include="src\gui\gui.h">
      <Filter>Header Files</Filter>
    </ClInclude>
    <ClInclude Include="src\gui\test_gui.h">
      <Filter>Header Files</Filter>
    </ClInclude>
    <ClInclude Include="src\libs\os\input.h">
      <Filter>Header Files</Filter>
    </ClInclude>
    <ClInclude Include="src\libs\os\event.h">
      <Filter>Header Files</Filter>
    </ClInclude>
    <ClInclude Include="src\libs\key_binding.h">
      <Filter>Header Files</Filter>
    </ClInclude>
    <ClInclude Include="src\gui\enum_helper.h">
      <Filter>Header Files</Filter>
    </ClInclude>
    <ClInclude Include="src\sys\level.h">
      <Filter>Header Files</Filter>
    </ClInclude>
    <ClInclude Include="src\libs\mesh_loader.h">
      <Filter>Header Files</Filter>
    </ClInclude>
    <ClInclude Include="src\sys\vars.h">
      <Filter>Header Files</Filter>
    </ClInclude>
  </ItemGroup>
</Project>